<?xml version="1.0" encoding="utf-8"?>
<Project ToolsVersion="4.0" xmlns="http://schemas.microsoft.com/developer/msbuild/2003">
  <ItemGroup>
    <Filter Include="Scripts">
      <UniqueIdentifier>{5e00b7c7-8c8f-4880-a7ed-afad5c73be68}</UniqueIdentifier>
    </Filter>
    <Filter Include="Scripts\Main">
      <UniqueIdentifier>{5c4859d7-d7eb-46a0-ac16-9b5e934de7b3}</UniqueIdentifier>
    </Filter>
    <Filter Include="Scripts\Commons">
      <UniqueIdentifier>{c325fdeb-4ab9-4ec5-aa51-b6f139bb992f}</UniqueIdentifier>
    </Filter>
    <Filter Include="Scripts\Commons\Libraries">
      <UniqueIdentifier>{0a002aac-42e1-4d68-a1b5-dde2160e5976}</UniqueIdentifier>
    </Filter>
    <Filter Include="Scripts\Commons\Libraries\Math">
      <UniqueIdentifier>{17abbf5b-7be4-44e6-9518-936139468130}</UniqueIdentifier>
    </Filter>
    <Filter Include="Scripts\Commons\Libraries\Camera">
      <UniqueIdentifier>{55b2f34f-63f9-42f6-8eb2-4c04594d884a}</UniqueIdentifier>
    </Filter>
    <Filter Include="Scripts\Commons\Systems">
      <UniqueIdentifier>{66546df1-2f4c-4007-815a-b61069529457}</UniqueIdentifier>
    </Filter>
    <Filter Include="Scripts\Commons\Renderings">
      <UniqueIdentifier>{6cb372c5-b0a7-42f3-bc35-2d09e30c10f5}</UniqueIdentifier>
    </Filter>
    <Filter Include="Scripts\Commons\GameObjects">
      <UniqueIdentifier>{d1b82248-7f1d-4f53-b2a6-d371a58b73fe}</UniqueIdentifier>
    </Filter>
    <Filter Include="Scripts\Commons\Scenes">
      <UniqueIdentifier>{a0a1f88d-939b-49ac-847f-ec9f24fda4ee}</UniqueIdentifier>
    </Filter>
    <Filter Include="Scripts\Scenes">
      <UniqueIdentifier>{7dbd01f2-59ac-4cc1-8f44-cc2f06c1715d}</UniqueIdentifier>
    </Filter>
    <Filter Include="Scripts\Commons\Colliders">
      <UniqueIdentifier>{e0fa592f-69c8-4df9-a51c-e07818d92731}</UniqueIdentifier>
    </Filter>
    <Filter Include="Jsons">
      <UniqueIdentifier>{1b631bb2-d185-4c6e-9bf8-0c5cb692728f}</UniqueIdentifier>
    </Filter>
    <Filter Include="Scripts\Objects">
      <UniqueIdentifier>{4df238ea-e1b1-4ce0-9063-f03daeb557c8}</UniqueIdentifier>
    </Filter>
    <Filter Include="Scripts\Objects\DebugCamera">
      <UniqueIdentifier>{a48ed038-e529-4c02-83c0-a4a76d600d45}</UniqueIdentifier>
    </Filter>
    <Filter Include="Scripts\Objects\DebugCamera\State">
      <UniqueIdentifier>{8173f202-512a-4872-98ad-25129a910c7a}</UniqueIdentifier>
    </Filter>
    <Filter Include="Jsons\Events">
      <UniqueIdentifier>{f30ffaf3-9470-4a45-b07b-7e7ffc65f8ae}</UniqueIdentifier>
    </Filter>
  </ItemGroup>
  <ItemGroup>
    <ClCompile Include="Scripts\Main\WinMain.cpp">
      <Filter>Scripts\Main</Filter>
    </ClCompile>
    <ClCompile Include="Pch.cpp" />
    <ClCompile Include="Scripts\Commons\Libraries\Utility.cpp">
      <Filter>Scripts\Commons\Libraries</Filter>
    </ClCompile>
    <ClCompile Include="Scripts\Commons\Libraries\Math\Triangle.cpp">
      <Filter>Scripts\Commons\Libraries\Math</Filter>
    </ClCompile>
    <ClCompile Include="Scripts\Commons\Libraries\Math\Box.cpp">
      <Filter>Scripts\Commons\Libraries\Math</Filter>
    </ClCompile>
    <ClCompile Include="Scripts\Commons\Libraries\Math\Euler.cpp">
      <Filter>Scripts\Commons\Libraries\Math</Filter>
    </ClCompile>
    <ClCompile Include="Scripts\Commons\Libraries\Math\Geometry.cpp">
      <Filter>Scripts\Commons\Libraries\Math</Filter>
    </ClCompile>
    <ClCompile Include="Scripts\Commons\Libraries\Camera\EulerCamera.cpp">
      <Filter>Scripts\Commons\Libraries\Camera</Filter>
    </ClCompile>
    <ClCompile Include="Scripts\Commons\Libraries\Camera\EulerTargetCamera.cpp">
      <Filter>Scripts\Commons\Libraries\Camera</Filter>
    </ClCompile>
    <ClCompile Include="Scripts\Commons\Libraries\Camera\QuaternionCamera.cpp">
      <Filter>Scripts\Commons\Libraries\Camera</Filter>
    </ClCompile>
    <ClCompile Include="Scripts\Commons\Libraries\Camera\QuaternionTargetCamera.cpp">
      <Filter>Scripts\Commons\Libraries\Camera</Filter>
    </ClCompile>
    <ClCompile Include="Scripts\Commons\Libraries\Cycled.cpp">
      <Filter>Scripts\Commons\Libraries</Filter>
    </ClCompile>
    <ClCompile Include="Scripts\Commons\Libraries\Limited.cpp">
      <Filter>Scripts\Commons\Libraries</Filter>
    </ClCompile>
    <ClCompile Include="Scripts\Commons\Libraries\Mesh.cpp">
      <Filter>Scripts\Commons\Libraries</Filter>
    </ClCompile>
    <ClCompile Include="Scripts\Main\Game.cpp">
      <Filter>Scripts\Main</Filter>
    </ClCompile>
    <ClCompile Include="Scripts\Commons\Renderings\DeviceResources.cpp">
      <Filter>Scripts\Commons\Renderings</Filter>
    </ClCompile>
    <ClCompile Include="Scripts\Commons\Systems\OnlyOne.cpp">
      <Filter>Scripts\Commons\Systems</Filter>
    </ClCompile>
    <ClCompile Include="Scripts\Commons\GameObjects\GameObject.cpp">
      <Filter>Scripts\Commons\GameObjects</Filter>
    </ClCompile>
    <ClCompile Include="Scripts\Main\GameContext.cpp">
      <Filter>Scripts\Main</Filter>
    </ClCompile>
    <ClCompile Include="Scripts\Scenes\SampleScene.cpp">
      <Filter>Scripts\Scenes</Filter>
    </ClCompile>
    <ClCompile Include="Scripts\Commons\Renderings\RenderingResources.cpp">
      <Filter>Scripts\Commons\Renderings</Filter>
    </ClCompile>
    <ClCompile Include="Scripts\Commons\Renderings\Model3DSource.cpp">
      <Filter>Scripts\Commons\Renderings</Filter>
    </ClCompile>
    <ClCompile Include="Scripts\Commons\Systems\Resources.cpp">
      <Filter>Scripts\Commons\Systems</Filter>
    </ClCompile>
    <ClCompile Include="Scripts\Commons\Renderings\Model3D.cpp">
      <Filter>Scripts\Commons\Renderings</Filter>
    </ClCompile>
    <ClCompile Include="Scripts\Commons\Renderings\Model3DRenderer.cpp">
      <Filter>Scripts\Commons\Renderings</Filter>
    </ClCompile>
    <ClCompile Include="Scripts\Commons\GameObjects\Transform.cpp">
      <Filter>Scripts\Commons\GameObjects</Filter>
    </ClCompile>
    <ClCompile Include="Scripts\Commons\Systems\WindowController.cpp">
      <Filter>Scripts\Commons\Systems</Filter>
    </ClCompile>
    <ClCompile Include="Scripts\Commons\Systems\Input.cpp">
      <Filter>Scripts\Commons\Systems</Filter>
    </ClCompile>
    <ClCompile Include="Scripts\Commons\Systems\Timer.cpp">
      <Filter>Scripts\Commons\Systems</Filter>
    </ClCompile>
    <ClCompile Include="Scripts\Commons\Renderings\ImageSource.cpp">
      <Filter>Scripts\Commons\Renderings</Filter>
    </ClCompile>
    <ClCompile Include="Scripts\Commons\Renderings\Canvas.cpp">
      <Filter>Scripts\Commons\Renderings</Filter>
    </ClCompile>
    <ClCompile Include="Scripts\Commons\GameObjects\RectTransform.cpp">
      <Filter>Scripts\Commons\GameObjects</Filter>
    </ClCompile>
    <ClCompile Include="Scripts\Commons\Renderings\Image.cpp">
      <Filter>Scripts\Commons\Renderings</Filter>
    </ClCompile>
    <ClCompile Include="Scripts\Commons\Renderings\ImageRenderer.cpp">
      <Filter>Scripts\Commons\Renderings</Filter>
    </ClCompile>
    <ClCompile Include="Scripts\Commons\Renderings\Text.cpp">
      <Filter>Scripts\Commons\Renderings</Filter>
    </ClCompile>
    <ClCompile Include="Scripts\Commons\Renderings\TextRenderer.cpp">
      <Filter>Scripts\Commons\Renderings</Filter>
    </ClCompile>
    <ClCompile Include="Scripts\Commons\Renderings\Renderer.cpp">
      <Filter>Scripts\Commons\Renderings</Filter>
    </ClCompile>
    <ClCompile Include="Scripts\Commons\GameObjects\ComponentManager.cpp">
      <Filter>Scripts\Commons\GameObjects</Filter>
    </ClCompile>
    <ClCompile Include="Scripts\Commons\Colliders\BoxCollider.cpp">
      <Filter>Scripts\Commons\Colliders</Filter>
    </ClCompile>
    <ClCompile Include="Scripts\Commons\Renderings\ColliderRenderer.cpp">
      <Filter>Scripts\Commons\Renderings</Filter>
    </ClCompile>
    <ClCompile Include="Scripts\Objects\DebugCamera\DebugCamera.cpp">
      <Filter>Scripts\Objects\DebugCamera</Filter>
    </ClCompile>
    <ClCompile Include="Scripts\Objects\DebugCamera\State\DebugCameraStateIdle.cpp">
      <Filter>Scripts\Objects\DebugCamera\State</Filter>
    </ClCompile>
    <ClCompile Include="Scripts\Objects\DebugCamera\State\DebugCameraStateMove.cpp">
      <Filter>Scripts\Objects\DebugCamera\State</Filter>
    </ClCompile>
    <ClCompile Include="Scripts\Objects\DebugCamera\State\DebugCameraStateRotate.cpp">
      <Filter>Scripts\Objects\DebugCamera\State</Filter>
    </ClCompile>
    <ClCompile Include="Scripts\Commons\Systems\ErrorMessage.cpp">
      <Filter>Scripts\Commons\Systems</Filter>
    </ClCompile>
    <ClCompile Include="Scripts\Commons\Scenes\SceneTransitionAnimation.cpp">
      <Filter>Scripts\Commons\Scenes</Filter>
    </ClCompile>
    <ClCompile Include="Scripts\Commons\Colliders\SphereCollider.cpp">
      <Filter>Scripts\Commons\Colliders</Filter>
    </ClCompile>
    <ClCompile Include="Scripts\Objects\DebugCamera\DebugCameraFactory.cpp">
      <Filter>Scripts\Objects\DebugCamera</Filter>
    </ClCompile>
  </ItemGroup>
  <ItemGroup>
    <ClInclude Include="Pch.h" />
    <ClInclude Include="Scripts\Commons\Libraries\Utility.h">
      <Filter>Scripts\Commons\Libraries</Filter>
    </ClInclude>
    <ClInclude Include="Scripts\Commons\Libraries\Math\Math.h">
      <Filter>Scripts\Commons\Libraries\Math</Filter>
    </ClInclude>
    <ClInclude Include="Scripts\Commons\Libraries\Math\Vector2Int.h">
      <Filter>Scripts\Commons\Libraries\Math</Filter>
    </ClInclude>
    <ClInclude Include="Scripts\Commons\Libraries\Math\Vector3Int.h">
      <Filter>Scripts\Commons\Libraries\Math</Filter>
    </ClInclude>
    <ClInclude Include="Scripts\Commons\Libraries\Math\Rect.h">
      <Filter>Scripts\Commons\Libraries\Math</Filter>
    </ClInclude>
    <ClInclude Include="Scripts\Commons\Libraries\Math\Sphere.h">
      <Filter>Scripts\Commons\Libraries\Math</Filter>
    </ClInclude>
    <ClInclude Include="Scripts\Commons\Libraries\Math\Circle.h">
      <Filter>Scripts\Commons\Libraries\Math</Filter>
    </ClInclude>
    <ClInclude Include="Scripts\Commons\Libraries\Math\Line.h">
      <Filter>Scripts\Commons\Libraries\Math</Filter>
    </ClInclude>
    <ClInclude Include="Scripts\Commons\Libraries\Math\Triangle.h">
      <Filter>Scripts\Commons\Libraries\Math</Filter>
    </ClInclude>
    <ClInclude Include="Scripts\Commons\Libraries\Math\NonRotatingBox.h">
      <Filter>Scripts\Commons\Libraries\Math</Filter>
    </ClInclude>
    <ClInclude Include="Scripts\Commons\Libraries\Math\Box.h">
      <Filter>Scripts\Commons\Libraries\Math</Filter>
    </ClInclude>
    <ClInclude Include="Scripts\Commons\Libraries\Math\Euler.h">
      <Filter>Scripts\Commons\Libraries\Math</Filter>
    </ClInclude>
    <ClInclude Include="Scripts\Commons\Libraries\Math\Geometry.h">
      <Filter>Scripts\Commons\Libraries\Math</Filter>
    </ClInclude>
    <ClInclude Include="Scripts\Commons\Libraries\Camera\EulerCamera.h">
      <Filter>Scripts\Commons\Libraries\Camera</Filter>
    </ClInclude>
    <ClInclude Include="Scripts\Commons\Libraries\Camera\EulerTargetCamera.h">
      <Filter>Scripts\Commons\Libraries\Camera</Filter>
    </ClInclude>
    <ClInclude Include="Scripts\Commons\Libraries\Camera\QuaternionCamera.h">
      <Filter>Scripts\Commons\Libraries\Camera</Filter>
    </ClInclude>
    <ClInclude Include="Scripts\Commons\Libraries\Camera\QuaternionTargetCamera.h">
      <Filter>Scripts\Commons\Libraries\Camera</Filter>
    </ClInclude>
    <ClInclude Include="Scripts\Commons\Libraries\Cycled.h">
      <Filter>Scripts\Commons\Libraries</Filter>
    </ClInclude>
    <ClInclude Include="Scripts\Commons\Libraries\Limited.h">
      <Filter>Scripts\Commons\Libraries</Filter>
    </ClInclude>
    <ClInclude Include="Scripts\Commons\Libraries\Easing.h">
      <Filter>Scripts\Commons\Libraries</Filter>
    </ClInclude>
    <ClInclude Include="Scripts\Commons\Libraries\Spring.h">
      <Filter>Scripts\Commons\Libraries</Filter>
    </ClInclude>
    <ClInclude Include="Scripts\Commons\Libraries\Mesh.h">
      <Filter>Scripts\Commons\Libraries</Filter>
    </ClInclude>
    <ClInclude Include="Scripts\Main\Game.h">
      <Filter>Scripts\Main</Filter>
    </ClInclude>
    <ClInclude Include="Scripts\Commons\Renderings\DeviceResources.h">
      <Filter>Scripts\Commons\Renderings</Filter>
    </ClInclude>
    <ClInclude Include="Scripts\Commons\GameObjects\GameObject.h">
      <Filter>Scripts\Commons\GameObjects</Filter>
    </ClInclude>
    <ClInclude Include="Scripts\Commons\GameObjects\Observer.h">
      <Filter>Scripts\Commons\GameObjects</Filter>
    </ClInclude>
    <ClInclude Include="Scripts\Commons\GameObjects\Component.h">
      <Filter>Scripts\Commons\GameObjects</Filter>
    </ClInclude>
    <ClInclude Include="Scripts\Commons\Systems\OnlyOne.h">
      <Filter>Scripts\Commons\Systems</Filter>
    </ClInclude>
    <ClInclude Include="Scripts\Commons\Scenes\Scene.h">
      <Filter>Scripts\Commons\Scenes</Filter>
    </ClInclude>
    <ClInclude Include="Scripts\Commons\GameObjects\ComponentCreatePermit.h">
      <Filter>Scripts\Commons\GameObjects</Filter>
    </ClInclude>
    <ClInclude Include="Scripts\Commons\Scenes\SceneManager.h">
      <Filter>Scripts\Commons\Scenes</Filter>
    </ClInclude>
    <ClInclude Include="Scripts\Commons\Scenes\ISceneManager.h">
      <Filter>Scripts\Commons\Scenes</Filter>
    </ClInclude>
    <ClInclude Include="Scripts\Main\GameContext.h">
      <Filter>Scripts\Main</Filter>
    </ClInclude>
    <ClInclude Include="Scripts\Main\SceneTransitionData.h">
      <Filter>Scripts\Main</Filter>
    </ClInclude>
    <ClInclude Include="Scripts\Scenes\SampleScene.h">
      <Filter>Scripts\Scenes</Filter>
    </ClInclude>
    <ClInclude Include="Scripts\Scenes\Scenes.h">
      <Filter>Scripts\Scenes</Filter>
    </ClInclude>
    <ClInclude Include="Scripts\Commons\GameObjects\Transform.h">
      <Filter>Scripts\Commons\GameObjects</Filter>
    </ClInclude>
    <ClInclude Include="Scripts\Commons\Renderings\RenderingResources.h">
      <Filter>Scripts\Commons\Renderings</Filter>
    </ClInclude>
    <ClInclude Include="Scripts\Commons\Renderings\Model3DSource.h">
      <Filter>Scripts\Commons\Renderings</Filter>
    </ClInclude>
    <ClInclude Include="Scripts\Commons\Systems\IResources.h">
      <Filter>Scripts\Commons\Systems</Filter>
    </ClInclude>
    <ClInclude Include="Scripts\Commons\Systems\Resources.h">
      <Filter>Scripts\Commons\Systems</Filter>
    </ClInclude>
    <ClInclude Include="Scripts\Commons\Renderings\Model3D.h">
      <Filter>Scripts\Commons\Renderings</Filter>
    </ClInclude>
    <ClInclude Include="Scripts\Commons\Renderings\Model3DRenderer.h">
      <Filter>Scripts\Commons\Renderings</Filter>
    </ClInclude>
    <ClInclude Include="Scripts\Commons\Renderings\IModel3DRenderer.h">
      <Filter>Scripts\Commons\Renderings</Filter>
    </ClInclude>
    <ClInclude Include="Scripts\Commons\Renderings\CameraScreen.h">
      <Filter>Scripts\Commons\Renderings</Filter>
    </ClInclude>
    <ClInclude Include="Scripts\Commons\Renderings\ICameraScreen.h">
      <Filter>Scripts\Commons\Renderings</Filter>
    </ClInclude>
    <ClInclude Include="Scripts\Commons\Systems\IWindowController.h">
      <Filter>Scripts\Commons\Systems</Filter>
    </ClInclude>
    <ClInclude Include="Scripts\Commons\Systems\WindowController.h">
      <Filter>Scripts\Commons\Systems</Filter>
    </ClInclude>
    <ClInclude Include="Scripts\Commons\Systems\IInput.h">
      <Filter>Scripts\Commons\Systems</Filter>
    </ClInclude>
    <ClInclude Include="Scripts\Commons\Systems\Input.h">
      <Filter>Scripts\Commons\Systems</Filter>
    </ClInclude>
    <ClInclude Include="Scripts\Commons\Systems\ITimer.h">
      <Filter>Scripts\Commons\Systems</Filter>
    </ClInclude>
    <ClInclude Include="Scripts\Commons\Systems\Timer.h">
      <Filter>Scripts\Commons\Systems</Filter>
    </ClInclude>
    <ClInclude Include="Scripts\Commons\Renderings\ImageSource.h">
      <Filter>Scripts\Commons\Renderings</Filter>
    </ClInclude>
    <ClInclude Include="Scripts\Commons\Renderings\Canvas.h">
      <Filter>Scripts\Commons\Renderings</Filter>
    </ClInclude>
    <ClInclude Include="Scripts\Commons\GameObjects\RectTransform.h">
      <Filter>Scripts\Commons\GameObjects</Filter>
    </ClInclude>
    <ClInclude Include="Scripts\Commons\Renderings\Image.h">
      <Filter>Scripts\Commons\Renderings</Filter>
    </ClInclude>
    <ClInclude Include="Scripts\Commons\Renderings\ImageRenderer.h">
      <Filter>Scripts\Commons\Renderings</Filter>
    </ClInclude>
    <ClInclude Include="Scripts\Commons\Renderings\IImageRenderer.h">
      <Filter>Scripts\Commons\Renderings</Filter>
    </ClInclude>
    <ClInclude Include="Scripts\Commons\Renderings\TextRenderer.h">
      <Filter>Scripts\Commons\Renderings</Filter>
    </ClInclude>
    <ClInclude Include="Scripts\Commons\Renderings\ITextRenderer.h">
      <Filter>Scripts\Commons\Renderings</Filter>
    </ClInclude>
    <ClInclude Include="Scripts\Commons\Renderings\Text.h">
      <Filter>Scripts\Commons\Renderings</Filter>
    </ClInclude>
    <ClInclude Include="Scripts\Commons\Renderings\Renderer.h">
      <Filter>Scripts\Commons\Renderings</Filter>
    </ClInclude>
    <ClInclude Include="Scripts\Commons\GameObjects\IComponentManager.h">
      <Filter>Scripts\Commons\GameObjects</Filter>
    </ClInclude>
    <ClInclude Include="Scripts\Commons\GameObjects\ComponentManager.h">
      <Filter>Scripts\Commons\GameObjects</Filter>
    </ClInclude>
    <ClInclude Include="Scripts\Commons\Colliders\BoxCollider.h">
      <Filter>Scripts\Commons\Colliders</Filter>
    </ClInclude>
    <ClInclude Include="Scripts\Commons\Renderings\ColliderRenderer.h">
      <Filter>Scripts\Commons\Renderings</Filter>
    </ClInclude>
    <ClInclude Include="Scripts\Objects\DebugCamera\DebugCamera.h">
      <Filter>Scripts\Objects\DebugCamera</Filter>
    </ClInclude>
    <ClInclude Include="Scripts\Objects\DebugCamera\DebugCameraInternals.h">
      <Filter>Scripts\Objects\DebugCamera</Filter>
    </ClInclude>
    <ClInclude Include="Scripts\Objects\DebugCamera\State\DebugCameraStateIdle.h">
      <Filter>Scripts\Objects\DebugCamera\State</Filter>
    </ClInclude>
    <ClInclude Include="Scripts\Objects\DebugCamera\State\DebugCameraStateMove.h">
      <Filter>Scripts\Objects\DebugCamera\State</Filter>
    </ClInclude>
    <ClInclude Include="Scripts\Objects\DebugCamera\State\DebugCameraStateRotate.h">
      <Filter>Scripts\Objects\DebugCamera\State</Filter>
    </ClInclude>
    <ClInclude Include="Scripts\Commons\Systems\ErrorMessage.h">
      <Filter>Scripts\Commons\Systems</Filter>
    </ClInclude>
    <ClInclude Include="Scripts\Commons\Renderings\IColliderRenderer.h">
      <Filter>Scripts\Commons\Renderings</Filter>
    </ClInclude>
    <ClInclude Include="Scripts\Commons\Systems\IErrorMessage.h">
      <Filter>Scripts\Commons\Systems</Filter>
    </ClInclude>
    <ClInclude Include="Scripts\Commons\Scenes\SceneTransitionAnimation.h">
      <Filter>Scripts\Commons\Scenes</Filter>
    </ClInclude>
    <ClInclude Include="Scripts\Commons\Colliders\SphereCollider.h">
      <Filter>Scripts\Commons\Colliders</Filter>
    </ClInclude>
    <ClInclude Include="Scripts\Commons\Systems\State.h">
      <Filter>Scripts\Commons\Systems</Filter>
    </ClInclude>
    <ClInclude Include="Scripts\Objects\DebugCamera\DebugCameraFactory.h">
      <Filter>Scripts\Objects\DebugCamera</Filter>
    </ClInclude>
  </ItemGroup>
  <ItemGroup>
    <None Include="packages.config" />
    <None Include="Resources\Jsons\Constants.json">
      <Filter>Jsons</Filter>
    </None>
    <None Include="Resources\Jsons\EventList.json">
      <Filter>Jsons</Filter>
    </None>
    <None Include="Resources\Jsons\Field.json">
      <Filter>Jsons</Filter>
    </None>
    <None Include="Resources\Jsons\Events\TalkTest1.json">
      <Filter>Jsons\Events</Filter>
    </None>
    <None Include="Resources\Jsons\Events\TalkTest2.json">
      <Filter>Jsons\Events</Filter>
    </None>
    <None Include="Resources\Jsons\Events\TalkTest3.json">
      <Filter>Jsons\Events</Filter>
    </None>
  </ItemGroup>
</Project>